
Microsoft Visual Studio Solution File, Format Version 12.00
# Visual Studio Version 16
VisualStudioVersion = 16.0.30517.126
MinimumVisualStudioVersion = 10.0.40219.1
Project("{FAE04EC0-301F-11D3-BF4B-00C04F79EFBC}") = "FinnHubImplementation", "FinnHubImplementation\FinnHubImplementation.csproj", "{023C2592-A44B-44F3-8554-DD4B6AD3C364}"
EndProject
Global
	GlobalSection(SolutionConfigurationPlatforms) = preSolution
		Debug|Any CPU = Debug|Any CPU
		Release|Any CPU = Release|Any CPU
	EndGlobalSection
	GlobalSection(ProjectConfigurationPlatforms) = postSolution
		{023C2592-A44B-44F3-8554-DD4B6AD3C364}.Debug|Any CPU.ActiveCfg = Debug|Any CPU
		{023C2592-A44B-44F3-8554-DD4B6AD3C364}.Debug|Any CPU.Build.0 = Debug|Any CPU
		{023C2592-A44B-44F3-8554-DD4B6AD3C364}.Release|Any CPU.ActiveCfg = Release|Any CPU
		{023C2592-A44B-44F3-8554-DD4B6AD3C364}.Release|Any CPU.Build.0 = Release|Any CPU
	EndGlobalSection
	GlobalSection(SolutionProperties) = preSolution
		HideSolutionNode = FALSE
	EndGlobalSection
	GlobalSection(ExtensibilityGlobals) = postSolution
		SolutionGuid = {D3C2FB08-090A-495D-83D1-66F237F0454A}
	EndGlobalSection
EndGlobal
