
Microsoft Visual Studio Solution File, Format Version 12.00
# Visual Studio Version 16
VisualStudioVersion = 16.0.30517.126
MinimumVisualStudioVersion = 10.0.40219.1
Project("{FAE04EC0-301F-11D3-BF4B-00C04F79EFBC}") = "SwaggerSetup", "SwaggerSetup\SwaggerSetup.csproj", "{1764F3A6-4A1E-4B0C-A28F-048360DC5DF0}"
EndProject
Global
	GlobalSection(SolutionConfigurationPlatforms) = preSolution
		Debug|Any CPU = Debug|Any CPU
		Release|Any CPU = Release|Any CPU
	EndGlobalSection
	GlobalSection(ProjectConfigurationPlatforms) = postSolution
		{1764F3A6-4A1E-4B0C-A28F-048360DC5DF0}.Debug|Any CPU.ActiveCfg = Debug|Any CPU
		{1764F3A6-4A1E-4B0C-A28F-048360DC5DF0}.Debug|Any CPU.Build.0 = Debug|Any CPU
		{1764F3A6-4A1E-4B0C-A28F-048360DC5DF0}.Release|Any CPU.ActiveCfg = Release|Any CPU
		{1764F3A6-4A1E-4B0C-A28F-048360DC5DF0}.Release|Any CPU.Build.0 = Release|Any CPU
	EndGlobalSection
	GlobalSection(SolutionProperties) = preSolution
		HideSolutionNode = FALSE
	EndGlobalSection
	GlobalSection(ExtensibilityGlobals) = postSolution
		SolutionGuid = {009B401D-B6CD-4075-A23C-649A706B9AE4}
	EndGlobalSection
EndGlobal
